
Microsoft Visual Studio Solution File, Format Version 12.00
# Visual Studio 14
VisualStudioVersion = 14.0.25420.1
MinimumVisualStudioVersion = 10.0.40219.1
Project("{2150E333-8FDC-42A3-9474-1A3956D46DE8}") = "src", "src", "{92781B86-EFF9-461B-BF97-50375E47C8A3}"
EndProject
Project("{2150E333-8FDC-42A3-9474-1A3956D46DE8}") = "demo", "demo", "{4080A2C2-A9DE-4A4B-9187-DE4B24CC904B}"
EndProject
Project("{9A19103F-16F7-4668-BE54-9A1E7A4F7556}") = "AdoNetProfiler", "src\AdoNetProfiler\AdoNetProfiler.csproj", "{A0197ADD-20E0-42C9-98DC-EF5464F62FD0}"
EndProject
Project("{2150E333-8FDC-42A3-9474-1A3956D46DE8}") = "test", "test", "{0D1977B8-79E0-4A02-AA26-2927D43FFD05}"
EndProject
Global
	GlobalSection(SolutionConfigurationPlatforms) = preSolution
		Debug|Any CPU = Debug|Any CPU
		Release|Any CPU = Release|Any CPU
	EndGlobalSection
	GlobalSection(ProjectConfigurationPlatforms) = postSolution
		{A0197ADD-20E0-42C9-98DC-EF5464F62FD0}.Debug|Any CPU.ActiveCfg = Debug|Any CPU
		{A0197ADD-20E0-42C9-98DC-EF5464F62FD0}.Debug|Any CPU.Build.0 = Debug|Any CPU
		{A0197ADD-20E0-42C9-98DC-EF5464F62FD0}.Release|Any CPU.ActiveCfg = Release|Any CPU
		{A0197ADD-20E0-42C9-98DC-EF5464F62FD0}.Release|Any CPU.Build.0 = Release|Any CPU
	EndGlobalSection
	GlobalSection(SolutionProperties) = preSolution
		HideSolutionNode = FALSE
	EndGlobalSection
	GlobalSection(NestedProjects) = preSolution
		{A0197ADD-20E0-42C9-98DC-EF5464F62FD0} = {92781B86-EFF9-461B-BF97-50375E47C8A3}
	EndGlobalSection
	GlobalSection(ExtensibilityGlobals) = postSolution
		SolutionGuid = {8CCA3662-B813-443C-83B0-55D1D71FE575}
	EndGlobalSection
EndGlobal
